
Microsoft Visual Studio Solution File, Format Version 12.00
# Visual Studio Version 17
VisualStudioVersion = 17.14.36603.0
MinimumVisualStudioVersion = 10.0.40219.1
Project("{FAE04EC0-301F-11D3-BF4B-00C04F79EFBC}") = "RsHome", "RsHome\RsHome.csproj", "{F9CCB2BF-35E9-CF80-6678-F38C6EF31642}"
EndProject
Global
	GlobalSection(SolutionConfigurationPlatforms) = preSolution
		Debug|Any CPU = Debug|Any CPU
		Release|Any CPU = Release|Any CPU
	EndGlobalSection
	GlobalSection(ProjectConfigurationPlatforms) = postSolution
		{F9CCB2BF-35E9-CF80-6678-F38C6EF31642}.Debug|Any CPU.ActiveCfg = Debug|Any CPU
		{F9CCB2BF-35E9-CF80-6678-F38C6EF31642}.Debug|Any CPU.Build.0 = Debug|Any CPU
		{F9CCB2BF-35E9-CF80-6678-F38C6EF31642}.Release|Any CPU.ActiveCfg = Release|Any CPU
		{F9CCB2BF-35E9-CF80-6678-F38C6EF31642}.Release|Any CPU.Build.0 = Release|Any CPU
	EndGlobalSection
	GlobalSection(SolutionProperties) = preSolution
		HideSolutionNode = FALSE
	EndGlobalSection
	GlobalSection(ExtensibilityGlobals) = postSolution
		SolutionGuid = {9E88FF45-7BDE-42EC-9EF0-F5F0DE260C86}
	EndGlobalSection
EndGlobal
